{
  "object": {
    "pins": [
      {
        "package": "URLImage",
        "repositoryURL": "https://github.com/dmytro-anokhin/url-image.git",
        "state": {
          "branch": null,
          "revision": "44b17289d8eb7db78eefbcf7bafa8cf2221b2a2b",
          "version": "0.9.13"
        }
      }
    ]
  },
  "version": 1
}
