// !$*UTF8*$!
{
	archiveVersion = 1;
	classes = {
	};
	objectVersion = 52;
	objects = {

/* Begin PBXBuildFile section */
		1100E1752434C78F00E105EA /* ImageView.swift in Sources */ = {isa = PBXBuildFile; fileRef = 1100E1742434C78F00E105EA /* ImageView.swift */; };
		115D875124472BEE007F684F /* OpenDyslexic-Bold.otf in Resources */ = {isa = PBXBuildFile; fileRef = 115D874F24472BEE007F684F /* OpenDyslexic-Bold.otf */; };
		115D875224472BEE007F684F /* OpenDyslexic-Regular.otf in Resources */ = {isa = PBXBuildFile; fileRef = 115D875024472BEE007F684F /* OpenDyslexic-Regular.otf */; };
		1179959B2430BE4D00AE4C08 /* SyllableRow.swift in Sources */ = {isa = PBXBuildFile; fileRef = 117995962430BE4D00AE4C08 /* SyllableRow.swift */; };
		1179959C2430BE4D00AE4C08 /* QuestionView.swift in Sources */ = {isa = PBXBuildFile; fileRef = 117995972430BE4D00AE4C08 /* QuestionView.swift */; };
		1179959E2430BE4D00AE4C08 /* Words.json in Resources */ = {isa = PBXBuildFile; fileRef = 117995992430BE4D00AE4C08 /* Words.json */; };
		1179959F2430BE4D00AE4C08 /* SyllableList.swift in Sources */ = {isa = PBXBuildFile; fileRef = 1179959A2430BE4D00AE4C08 /* SyllableList.swift */; };
		11905E4C2430BDD60062B978 /* AppDelegate.swift in Sources */ = {isa = PBXBuildFile; fileRef = 11905E4B2430BDD60062B978 /* AppDelegate.swift */; };
		11905E4E2430BDD60062B978 /* SceneDelegate.swift in Sources */ = {isa = PBXBuildFile; fileRef = 11905E4D2430BDD60062B978 /* SceneDelegate.swift */; };
		11905E512430BDD60062B978 /* Funetics.xcdatamodeld in Sources */ = {isa = PBXBuildFile; fileRef = 11905E4F2430BDD60062B978 /* Funetics.xcdatamodeld */; };
		11905E532430BDD60062B978 /* ContentView.swift in Sources */ = {isa = PBXBuildFile; fileRef = 11905E522430BDD60062B978 /* ContentView.swift */; };
		11905E552430BDD70062B978 /* Assets.xcassets in Resources */ = {isa = PBXBuildFile; fileRef = 11905E542430BDD70062B978 /* Assets.xcassets */; };
		11905E582430BDD70062B978 /* Preview Assets.xcassets in Resources */ = {isa = PBXBuildFile; fileRef = 11905E572430BDD70062B978 /* Preview Assets.xcassets */; };
		11905E5B2430BDD70062B978 /* LaunchScreen.storyboard in Resources */ = {isa = PBXBuildFile; fileRef = 11905E592430BDD70062B978 /* LaunchScreen.storyboard */; };
		11EAED26243352BA004EABD8 /* URLImage in Frameworks */ = {isa = PBXBuildFile; productRef = 11EAED25243352BA004EABD8 /* URLImage */; };
/* End PBXBuildFile section */

/* Begin PBXFileReference section */
		1100E1742434C78F00E105EA /* ImageView.swift */ = {isa = PBXFileReference; lastKnownFileType = sourcecode.swift; path = ImageView.swift; sourceTree = "<group>"; };
		115D874F24472BEE007F684F /* OpenDyslexic-Bold.otf */ = {isa = PBXFileReference; lastKnownFileType = file; path = "OpenDyslexic-Bold.otf"; sourceTree = "<group>"; };
		115D875024472BEE007F684F /* OpenDyslexic-Regular.otf */ = {isa = PBXFileReference; lastKnownFileType = file; path = "OpenDyslexic-Regular.otf"; sourceTree = "<group>"; };
		117995962430BE4D00AE4C08 /* SyllableRow.swift */ = {isa = PBXFileReference; fileEncoding = 4; lastKnownFileType = sourcecode.swift; path = SyllableRow.swift; sourceTree = "<group>"; };
		117995972430BE4D00AE4C08 /* QuestionView.swift */ = {isa = PBXFileReference; fileEncoding = 4; lastKnownFileType = sourcecode.swift; path = QuestionView.swift; sourceTree = "<group>"; };
		117995992430BE4D00AE4C08 /* Words.json */ = {isa = PBXFileReference; fileEncoding = 4; lastKnownFileType = text.json; path = Words.json; sourceTree = "<group>"; };
		1179959A2430BE4D00AE4C08 /* SyllableList.swift */ = {isa = PBXFileReference; fileEncoding = 4; lastKnownFileType = sourcecode.swift; path = SyllableList.swift; sourceTree = "<group>"; };
		11905E482430BDD60062B978 /* Funetics.app */ = {isa = PBXFileReference; explicitFileType = wrapper.application; includeInIndex = 0; path = Funetics.app; sourceTree = BUILT_PRODUCTS_DIR; };
		11905E4B2430BDD60062B978 /* AppDelegate.swift */ = {isa = PBXFileReference; lastKnownFileType = sourcecode.swift; path = AppDelegate.swift; sourceTree = "<group>"; };
		11905E4D2430BDD60062B978 /* SceneDelegate.swift */ = {isa = PBXFileReference; lastKnownFileType = sourcecode.swift; path = SceneDelegate.swift; sourceTree = "<group>"; };
		11905E502430BDD60062B978 /* Funetics.xcdatamodel */ = {isa = PBXFileReference; lastKnownFileType = wrapper.xcdatamodel; path = Funetics.xcdatamodel; sourceTree = "<group>"; };
		11905E522430BDD60062B978 /* ContentView.swift */ = {isa = PBXFileReference; lastKnownFileType = sourcecode.swift; path = ContentView.swift; sourceTree = "<group>"; };
		11905E542430BDD70062B978 /* Assets.xcassets */ = {isa = PBXFileReference; lastKnownFileType = folder.assetcatalog; path = Assets.xcassets; sourceTree = "<group>"; };
		11905E572430BDD70062B978 /* Preview Assets.xcassets */ = {isa = PBXFileReference; lastKnownFileType = folder.assetcatalog; path = "Preview Assets.xcassets"; sourceTree = "<group>"; };
		11905E5A2430BDD70062B978 /* Base */ = {isa = PBXFileReference; lastKnownFileType = file.storyboard; name = Base; path = Base.lproj/LaunchScreen.storyboard; sourceTree = "<group>"; };
		11905E5C2430BDD70062B978 /* Info.plist */ = {isa = PBXFileReference; lastKnownFileType = text.plist.xml; path = Info.plist; sourceTree = "<group>"; };
/* End PBXFileReference section */

/* Begin PBXFrameworksBuildPhase section */
		11905E452430BDD60062B978 /* Frameworks */ = {
			isa = PBXFrameworksBuildPhase;
			buildActionMask = 2147483647;
			files = (
				11EAED26243352BA004EABD8 /* URLImage in Frameworks */,
			);
			runOnlyForDeploymentPostprocessing = 0;
		};
/* End PBXFrameworksBuildPhase section */

/* Begin PBXGroup section */
		11905E3F2430BDD60062B978 = {
			isa = PBXGroup;
			children = (
				11905E4A2430BDD60062B978 /* Funetics */,
				11905E492430BDD60062B978 /* Products */,
			);
			sourceTree = "<group>";
		};
		11905E492430BDD60062B978 /* Products */ = {
			isa = PBXGroup;
			children = (
				11905E482430BDD60062B978 /* Funetics.app */,
			);
			name = Products;
			sourceTree = "<group>";
		};
		11905E4A2430BDD60062B978 /* Funetics */ = {
			isa = PBXGroup;
			children = (
				11905E4B2430BDD60062B978 /* AppDelegate.swift */,
				11905E4D2430BDD60062B978 /* SceneDelegate.swift */,
				117995972430BE4D00AE4C08 /* QuestionView.swift */,
				1179959A2430BE4D00AE4C08 /* SyllableList.swift */,
				117995962430BE4D00AE4C08 /* SyllableRow.swift */,
				117995992430BE4D00AE4C08 /* Words.json */,
				11905E522430BDD60062B978 /* ContentView.swift */,
				1100E1742434C78F00E105EA /* ImageView.swift */,
				11905E542430BDD70062B978 /* Assets.xcassets */,
				11905E592430BDD70062B978 /* LaunchScreen.storyboard */,
				11905E5C2430BDD70062B978 /* Info.plist */,
				11905E4F2430BDD60062B978 /* Funetics.xcdatamodeld */,
				115D874F24472BEE007F684F /* OpenDyslexic-Bold.otf */,
				115D875024472BEE007F684F /* OpenDyslexic-Regular.otf */,
				11905E562430BDD70062B978 /* Preview Content */,
			);
			path = Funetics;
			sourceTree = "<group>";
		};
		11905E562430BDD70062B978 /* Preview Content */ = {
			isa = PBXGroup;
			children = (
				11905E572430BDD70062B978 /* Preview Assets.xcassets */,
			);
			path = "Preview Content";
			sourceTree = "<group>";
		};
/* End PBXGroup section */

/* Begin PBXNativeTarget section */
		11905E472430BDD60062B978 /* Funetics */ = {
			isa = PBXNativeTarget;
			buildConfigurationList = 11905E752430BDD70062B978 /* Build configuration list for PBXNativeTarget "Funetics" */;
			buildPhases = (
				11905E442430BDD60062B978 /* Sources */,
				11905E452430BDD60062B978 /* Frameworks */,
				11905E462430BDD60062B978 /* Resources */,
			);
			buildRules = (
			);
			dependencies = (
			);
			name = Funetics;
			packageProductDependencies = (
				11EAED25243352BA004EABD8 /* URLImage */,
			);
			productName = Funetics;
			productReference = 11905E482430BDD60062B978 /* Funetics.app */;
			productType = "com.apple.product-type.application";
		};
/* End PBXNativeTarget section */

/* Begin PBXProject section */
		11905E402430BDD60062B978 /* Project object */ = {
			isa = PBXProject;
			attributes = {
				LastSwiftUpdateCheck = 1140;
				LastUpgradeCheck = 1140;
				ORGANIZATIONNAME = "Tanay Nistala";
				TargetAttributes = {
					11905E472430BDD60062B978 = {
						CreatedOnToolsVersion = 11.4;
					};
				};
			};
			buildConfigurationList = 11905E432430BDD60062B978 /* Build configuration list for PBXProject "Funetics" */;
			compatibilityVersion = "Xcode 9.3";
			developmentRegion = en;
			hasScannedForEncodings = 0;
			knownRegions = (
				en,
				Base,
			);
			mainGroup = 11905E3F2430BDD60062B978;
			packageReferences = (
				11EAED24243352BA004EABD8 /* XCRemoteSwiftPackageReference "url-image" */,
			);
			productRefGroup = 11905E492430BDD60062B978 /* Products */;
			projectDirPath = "";
			projectRoot = "";
			targets = (
				11905E472430BDD60062B978 /* Funetics */,
			);
		};
/* End PBXProject section */

/* Begin PBXResourcesBuildPhase section */
		11905E462430BDD60062B978 /* Resources */ = {
			isa = PBXResourcesBuildPhase;
			buildActionMask = 2147483647;
			files = (
				11905E5B2430BDD70062B978 /* LaunchScreen.storyboard in Resources */,
				1179959E2430BE4D00AE4C08 /* Words.json in Resources */,
				11905E582430BDD70062B978 /* Preview Assets.xcassets in Resources */,
				115D875224472BEE007F684F /* OpenDyslexic-Regular.otf in Resources */,
				11905E552430BDD70062B978 /* Assets.xcassets in Resources */,
				115D875124472BEE007F684F /* OpenDyslexic-Bold.otf in Resources */,
			);
			runOnlyForDeploymentPostprocessing = 0;
		};
/* End PBXResourcesBuildPhase section */

/* Begin PBXSourcesBuildPhase section */
		11905E442430BDD60062B978 /* Sources */ = {
			isa = PBXSourcesBuildPhase;
			buildActionMask = 2147483647;
			files = (
				11905E4C2430BDD60062B978 /* AppDelegate.swift in Sources */,
				1179959F2430BE4D00AE4C08 /* SyllableList.swift in Sources */,
				11905E4E2430BDD60062B978 /* SceneDelegate.swift in Sources */,
				11905E532430BDD60062B978 /* ContentView.swift in Sources */,
				11905E512430BDD60062B978 /* Funetics.xcdatamodeld in Sources */,
				1179959C2430BE4D00AE4C08 /* QuestionView.swift in Sources */,
				1100E1752434C78F00E105EA /* ImageView.swift in Sources */,
				1179959B2430BE4D00AE4C08 /* SyllableRow.swift in Sources */,
			);
			runOnlyForDeploymentPostprocessing = 0;
		};
/* End PBXSourcesBuildPhase section */

/* Begin PBXVariantGroup section */
		11905E592430BDD70062B978 /* LaunchScreen.storyboard */ = {
			isa = PBXVariantGroup;
			children = (
				11905E5A2430BDD70062B978 /* Base */,
			);
			name = LaunchScreen.storyboard;
			sourceTree = "<group>";
		};
/* End PBXVariantGroup section */

/* Begin XCBuildConfiguration section */
		11905E732430BDD70062B978 /* Debug */ = {
			isa = XCBuildConfiguration;
			buildSettings = {
				ALWAYS_SEARCH_USER_PATHS = NO;
				CLANG_ANALYZER_NONNULL = YES;
				CLANG_ANALYZER_NUMBER_OBJECT_CONVERSION = YES_AGGRESSIVE;
				CLANG_CXX_LANGUAGE_STANDARD = "gnu++14";
				CLANG_CXX_LIBRARY = "libc++";
				CLANG_ENABLE_MODULES = YES;
				CLANG_ENABLE_OBJC_ARC = YES;
				CLANG_ENABLE_OBJC_WEAK = YES;
				CLANG_WARN_BLOCK_CAPTURE_AUTORELEASING = YES;
				CLANG_WARN_BOOL_CONVERSION = YES;
				CLANG_WARN_COMMA = YES;
				CLANG_WARN_CONSTANT_CONVERSION = YES;
				CLANG_WARN_DEPRECATED_OBJC_IMPLEMENTATIONS = YES;
				CLANG_WARN_DIRECT_OBJC_ISA_USAGE = YES_ERROR;
				CLANG_WARN_DOCUMENTATION_COMMENTS = YES;
				CLANG_WARN_EMPTY_BODY = YES;
				CLANG_WARN_ENUM_CONVERSION = YES;
				CLANG_WARN_INFINITE_RECURSION = YES;
				CLANG_WARN_INT_CONVERSION = YES;
				CLANG_WARN_NON_LITERAL_NULL_CONVERSION = YES;
				CLANG_WARN_OBJC_IMPLICIT_RETAIN_SELF = YES;
				CLANG_WARN_OBJC_LITERAL_CONVERSION = YES;
				CLANG_WARN_OBJC_ROOT_CLASS = YES_ERROR;
				CLANG_WARN_RANGE_LOOP_ANALYSIS = YES;
				CLANG_WARN_STRICT_PROTOTYPES = YES;
				CLANG_WARN_SUSPICIOUS_MOVE = YES;
				CLANG_WARN_UNGUARDED_AVAILABILITY = YES_AGGRESSIVE;
				CLANG_WARN_UNREACHABLE_CODE = YES;
				CLANG_WARN__DUPLICATE_METHOD_MATCH = YES;
				COPY_PHASE_STRIP = NO;
				DEBUG_INFORMATION_FORMAT = dwarf;
				ENABLE_STRICT_OBJC_MSGSEND = YES;
				ENABLE_TESTABILITY = YES;
				GCC_C_LANGUAGE_STANDARD = gnu11;
				GCC_DYNAMIC_NO_PIC = NO;
				GCC_NO_COMMON_BLOCKS = YES;
				GCC_OPTIMIZATION_LEVEL = 0;
				GCC_PREPROCESSOR_DEFINITIONS = (
					"DEBUG=1",
					"$(inherited)",
				);
				GCC_WARN_64_TO_32_BIT_CONVERSION = YES;
				GCC_WARN_ABOUT_RETURN_TYPE = YES_ERROR;
				GCC_WARN_UNDECLARED_SELECTOR = YES;
				GCC_WARN_UNINITIALIZED_AUTOS = YES_AGGRESSIVE;
				GCC_WARN_UNUSED_FUNCTION = YES;
				GCC_WARN_UNUSED_VARIABLE = YES;
				IPHONEOS_DEPLOYMENT_TARGET = 13.4;
				MTL_ENABLE_DEBUG_INFO = INCLUDE_SOURCE;
				MTL_FAST_MATH = YES;
				ONLY_ACTIVE_ARCH = YES;
				SDKROOT = iphoneos;
				SWIFT_ACTIVE_COMPILATION_CONDITIONS = DEBUG;
				SWIFT_OPTIMIZATION_LEVEL = "-Onone";
			};
			name = Debug;
		};
		11905E742430BDD70062B978 /* Release */ = {
			isa = XCBuildConfiguration;
			buildSettings = {
				ALWAYS_SEARCH_USER_PATHS = NO;
				CLANG_ANALYZER_NONNULL = YES;
				CLANG_ANALYZER_NUMBER_OBJECT_CONVERSION = YES_AGGRESSIVE;
				CLANG_CXX_LANGUAGE_STANDARD = "gnu++14";
				CLANG_CXX_LIBRARY = "libc++";
				CLANG_ENABLE_MODULES = YES;
				CLANG_ENABLE_OBJC_ARC = YES;
				CLANG_ENABLE_OBJC_WEAK = YES;
				CLANG_WARN_BLOCK_CAPTURE_AUTORELEASING = YES;
				CLANG_WARN_BOOL_CONVERSION = YES;
				CLANG_WARN_COMMA = YES;
				CLANG_WARN_CONSTANT_CONVERSION = YES;
				CLANG_WARN_DEPRECATED_OBJC_IMPLEMENTATIONS = YES;
				CLANG_WARN_DIRECT_OBJC_ISA_USAGE = YES_ERROR;
				CLANG_WARN_DOCUMENTATION_COMMENTS = YES;
				CLANG_WARN_EMPTY_BODY = YES;
				CLANG_WARN_ENUM_CONVERSION = YES;
				CLANG_WARN_INFINITE_RECURSION = YES;
				CLANG_WARN_INT_CONVERSION = YES;
				CLANG_WARN_NON_LITERAL_NULL_CONVERSION = YES;
				CLANG_WARN_OBJC_IMPLICIT_RETAIN_SELF = YES;
				CLANG_WARN_OBJC_LITERAL_CONVERSION = YES;
				CLANG_WARN_OBJC_ROOT_CLASS = YES_ERROR;
				CLANG_WARN_RANGE_LOOP_ANALYSIS = YES;
				CLANG_WARN_STRICT_PROTOTYPES = YES;
				CLANG_WARN_SUSPICIOUS_MOVE = YES;
				CLANG_WARN_UNGUARDED_AVAILABILITY = YES_AGGRESSIVE;
				CLANG_WARN_UNREACHABLE_CODE = YES;
				CLANG_WARN__DUPLICATE_METHOD_MATCH = YES;
				COPY_PHASE_STRIP = NO;
				DEBUG_INFORMATION_FORMAT = "dwarf-with-dsym";
				ENABLE_NS_ASSERTIONS = NO;
				ENABLE_STRICT_OBJC_MSGSEND = YES;
				GCC_C_LANGUAGE_STANDARD = gnu11;
				GCC_NO_COMMON_BLOCKS = YES;
				GCC_WARN_64_TO_32_BIT_CONVERSION = YES;
				GCC_WARN_ABOUT_RETURN_TYPE = YES_ERROR;
				GCC_WARN_UNDECLARED_SELECTOR = YES;
				GCC_WARN_UNINITIALIZED_AUTOS = YES_AGGRESSIVE;
				GCC_WARN_UNUSED_FUNCTION = YES;
				GCC_WARN_UNUSED_VARIABLE = YES;
				IPHONEOS_DEPLOYMENT_TARGET = 13.4;
				MTL_ENABLE_DEBUG_INFO = NO;
				MTL_FAST_MATH = YES;
				SDKROOT = iphoneos;
				SWIFT_COMPILATION_MODE = wholemodule;
				SWIFT_OPTIMIZATION_LEVEL = "-O";
				VALIDATE_PRODUCT = YES;
			};
			name = Release;
		};
		11905E762430BDD70062B978 /* Debug */ = {
			isa = XCBuildConfiguration;
			buildSettings = {
				ASSETCATALOG_COMPILER_APPICON_NAME = AppIcon;
				CODE_SIGN_IDENTITY = "Apple Development";
				CODE_SIGN_STYLE = Automatic;
				CURRENT_PROJECT_VERSION = 3;
				DEVELOPMENT_ASSET_PATHS = "\"Funetics/Preview Content\"";
				DEVELOPMENT_TEAM = E8B9HE377E;
				ENABLE_PREVIEWS = YES;
				INFOPLIST_FILE = Funetics/Info.plist;
				LD_RUNPATH_SEARCH_PATHS = (
					"$(inherited)",
					"@executable_path/Frameworks",
				);
				MARKETING_VERSION = 1.1;
				PRODUCT_BUNDLE_IDENTIFIER = com.tanaynistala.funetics;
				PRODUCT_NAME = "$(TARGET_NAME)";
				PROVISIONING_PROFILE_SPECIFIER = "";
				SWIFT_VERSION = 5.0;
				TARGETED_DEVICE_FAMILY = "1,2";
			};
			name = Debug;
		};
		11905E772430BDD70062B978 /* Release */ = {
			isa = XCBuildConfiguration;
			buildSettings = {
				ASSETCATALOG_COMPILER_APPICON_NAME = AppIcon;
				CODE_SIGN_IDENTITY = "Apple Development";
				CODE_SIGN_STYLE = Automatic;
				CURRENT_PROJECT_VERSION = 3;
				DEVELOPMENT_ASSET_PATHS = "\"Funetics/Preview Content\"";
				DEVELOPMENT_TEAM = E8B9HE377E;
				ENABLE_PREVIEWS = YES;
				INFOPLIST_FILE = Funetics/Info.plist;
				LD_RUNPATH_SEARCH_PATHS = (
					"$(inherited)",
					"@executable_path/Frameworks",
				);
				MARKETING_VERSION = 1.1;
				PRODUCT_BUNDLE_IDENTIFIER = com.tanaynistala.funetics;
				PRODUCT_NAME = "$(TARGET_NAME)";
				PROVISIONING_PROFILE_SPECIFIER = "";
				SWIFT_VERSION = 5.0;
				TARGETED_DEVICE_FAMILY = "1,2";
			};
			name = Release;
		};
/* End XCBuildConfiguration section */

/* Begin XCConfigurationList section */
		11905E432430BDD60062B978 /* Build configuration list for PBXProject "Funetics" */ = {
			isa = XCConfigurationList;
			buildConfigurations = (
				11905E732430BDD70062B978 /* Debug */,
				11905E742430BDD70062B978 /* Release */,
			);
			defaultConfigurationIsVisible = 0;
			defaultConfigurationName = Release;
		};
		11905E752430BDD70062B978 /* Build configuration list for PBXNativeTarget "Funetics" */ = {
			isa = XCConfigurationList;
			buildConfigurations = (
				11905E762430BDD70062B978 /* Debug */,
				11905E772430BDD70062B978 /* Release */,
			);
			defaultConfigurationIsVisible = 0;
			defaultConfigurationName = Release;
		};
/* End XCConfigurationList section */

/* Begin XCRemoteSwiftPackageReference section */
		11EAED24243352BA004EABD8 /* XCRemoteSwiftPackageReference "url-image" */ = {
			isa = XCRemoteSwiftPackageReference;
			repositoryURL = "https://github.com/dmytro-anokhin/url-image.git";
			requirement = {
				kind = upToNextMajorVersion;
				minimumVersion = 0.9.13;
			};
		};
/* End XCRemoteSwiftPackageReference section */

/* Begin XCSwiftPackageProductDependency section */
		11EAED25243352BA004EABD8 /* URLImage */ = {
			isa = XCSwiftPackageProductDependency;
			package = 11EAED24243352BA004EABD8 /* XCRemoteSwiftPackageReference "url-image" */;
			productName = URLImage;
		};
/* End XCSwiftPackageProductDependency section */

/* Begin XCVersionGroup section */
		11905E4F2430BDD60062B978 /* Funetics.xcdatamodeld */ = {
			isa = XCVersionGroup;
			children = (
				11905E502430BDD60062B978 /* Funetics.xcdatamodel */,
			);
			currentVersion = 11905E502430BDD60062B978 /* Funetics.xcdatamodel */;
			path = Funetics.xcdatamodeld;
			sourceTree = "<group>";
			versionGroupType = wrapper.xcdatamodel;
		};
/* End XCVersionGroup section */
	};
	rootObject = 11905E402430BDD60062B978 /* Project object */;
}
